
Microsoft Visual Studio Solution File, Format Version 12.00
# Visual Studio Version 17
VisualStudioVersion = 17.4.33122.133
MinimumVisualStudioVersion = 10.0.40219.1
Project("{FAE04EC0-301F-11D3-BF4B-00C04F79EFBC}") = "Agrawal", "Agrawal\Agrawal.csproj", "{3EF6EB90-65A5-4AA7-83D3-0302D672FE31}"
EndProject
Global
	GlobalSection(SolutionConfigurationPlatforms) = preSolution
		Debug|Any CPU = Debug|Any CPU
		Release|Any CPU = Release|Any CPU
	EndGlobalSection
	GlobalSection(ProjectConfigurationPlatforms) = postSolution
		{3EF6EB90-65A5-4AA7-83D3-0302D672FE31}.Debug|Any CPU.ActiveCfg = Debug|Any CPU
		{3EF6EB90-65A5-4AA7-83D3-0302D672FE31}.Debug|Any CPU.Build.0 = Debug|Any CPU
		{3EF6EB90-65A5-4AA7-83D3-0302D672FE31}.Release|Any CPU.ActiveCfg = Release|Any CPU
		{3EF6EB90-65A5-4AA7-83D3-0302D672FE31}.Release|Any CPU.Build.0 = Release|Any CPU
	EndGlobalSection
	GlobalSection(SolutionProperties) = preSolution
		HideSolutionNode = FALSE
	EndGlobalSection
	GlobalSection(ExtensibilityGlobals) = postSolution
		SolutionGuid = {E2A0DB4A-68BF-4AE4-8B92-FE1063CB6B92}
	EndGlobalSection
EndGlobal
